
Microsoft Visual Studio Solution File, Format Version 12.00
# Blend for Visual Studio Version 16
VisualStudioVersion = 16.0.32106.194
MinimumVisualStudioVersion = 10.0.40219.1
Project("{FAE04EC0-301F-11D3-BF4B-00C04F79EFBC}") = "WPFLab_11", "WPFLab_11\WPFLab_11.csproj", "{1BEA1CA9-E987-4428-860B-96CC1F5CB265}"
EndProject
Project("{FAE04EC0-301F-11D3-BF4B-00C04F79EFBC}") = "WPFLab_11.2", "WPFLab_11.2\WPFLab_11.2.csproj", "{58D63FFB-AE96-4CAE-A400-EB7051FD7C8E}"
EndProject
Global
	GlobalSection(SolutionConfigurationPlatforms) = preSolution
		Debug|Any CPU = Debug|Any CPU
		Release|Any CPU = Release|Any CPU
	EndGlobalSection
	GlobalSection(ProjectConfigurationPlatforms) = postSolution
		{1BEA1CA9-E987-4428-860B-96CC1F5CB265}.Debug|Any CPU.ActiveCfg = Debug|Any CPU
		{1BEA1CA9-E987-4428-860B-96CC1F5CB265}.Debug|Any CPU.Build.0 = Debug|Any CPU
		{1BEA1CA9-E987-4428-860B-96CC1F5CB265}.Release|Any CPU.ActiveCfg = Release|Any CPU
		{1BEA1CA9-E987-4428-860B-96CC1F5CB265}.Release|Any CPU.Build.0 = Release|Any CPU
		{58D63FFB-AE96-4CAE-A400-EB7051FD7C8E}.Debug|Any CPU.ActiveCfg = Debug|Any CPU
		{58D63FFB-AE96-4CAE-A400-EB7051FD7C8E}.Debug|Any CPU.Build.0 = Debug|Any CPU
		{58D63FFB-AE96-4CAE-A400-EB7051FD7C8E}.Release|Any CPU.ActiveCfg = Release|Any CPU
		{58D63FFB-AE96-4CAE-A400-EB7051FD7C8E}.Release|Any CPU.Build.0 = Release|Any CPU
	EndGlobalSection
	GlobalSection(SolutionProperties) = preSolution
		HideSolutionNode = FALSE
	EndGlobalSection
	GlobalSection(ExtensibilityGlobals) = postSolution
		SolutionGuid = {21144539-6877-4084-8E19-5104D0DE39EA}
	EndGlobalSection
EndGlobal
